{
    "_readme": [
        "This file locks the dependencies of your project to a known state",
        "Read more about it at https://getcomposer.org/doc/01-basic-usage.md#installing-dependencies",
        "This file is @generated automatically"
    ],
    "content-hash": "d241161d0addd613e0f74e2330077248",
    "packages": [
        {
            "name": "codercat/jwk-to-pem",
            "version": "0.0.3",
            "source": {
                "type": "git",
                "url": "https://github.com/acodercat/php-jwk-to-pem.git",
                "reference": "52bdaa2bce6c9f08c081aeada3f55d45b1282500"
            },
            "dist": {
                "type": "zip",
                "url": "https://api.github.com/repos/acodercat/php-jwk-to-pem/zipball/52bdaa2bce6c9f08c081aeada3f55d45b1282500",
                "reference": "52bdaa2bce6c9f08c081aeada3f55d45b1282500",
                "shasum": ""
            },
            "require": {
                "php": ">=7.0.0",
                "phpseclib/phpseclib": "~2.0"
            },
            "require-dev": {
                "phpunit/phpunit": "^7.0"
            },
            "suggest": {
                "ext-gmp": ""
            },
            "type": "library",
            "autoload": {
                "psr-4": {
                    "CoderCat\\JWKToPEM\\": "src/"
                }
            },
            "notification-url": "https://packagist.org/downloads/",
            "license": [
                "MIT"
            ],
            "authors": [
                {
                    "name": "codercat",
                    "email": "1067302838@qq.com"
                }
            ],
            "description": "Convert JWK to PEM format.",
            "time": "2019-06-07T06:06:16+00:00"
        },
        {
            "name": "lcobucci/jwt",
            "version": "3.3.3",
            "source": {
                "type": "git",
                "url": "https://github.com/lcobucci/jwt.git",
                "reference": "c1123697f6a2ec29162b82f170dd4a491f524773"
            },
            "dist": {
                "type": "zip",
                "url": "https://api.github.com/repos/lcobucci/jwt/zipball/c1123697f6a2ec29162b82f170dd4a491f524773",
                "reference": "c1123697f6a2ec29162b82f170dd4a491f524773",
                "shasum": ""
            },
            "require": {
                "ext-mbstring": "*",
                "ext-openssl": "*",
                "php": "^5.6 || ^7.0"
            },
            "require-dev": {
                "mikey179/vfsstream": "~1.5",
                "phpmd/phpmd": "~2.2",
                "phpunit/php-invoker": "~1.1",
                "phpunit/phpunit": "^5.7 || ^7.3",
                "squizlabs/php_codesniffer": "~2.3"
            },
            "type": "library",
            "extra": {
                "branch-alias": {
                    "dev-master": "3.1-dev"
                }
            },
            "autoload": {
                "psr-4": {
                    "Lcobucci\\JWT\\": "src"
                }
            },
            "notification-url": "https://packagist.org/downloads/",
            "license": [
                "BSD-3-Clause"
            ],
            "authors": [
                {
                    "name": "Luís Otávio Cobucci Oblonczyk",
                    "email": "lcobucci@gmail.com",
                    "role": "Developer"
                }
            ],
            "description": "A simple library to work with JSON Web Token and JSON Web Signature",
            "keywords": [
                "JWS",
                "jwt"
            ],
            "funding": [
                {
                    "url": "https://github.com/lcobucci",
                    "type": "github"
                },
                {
                    "url": "https://www.patreon.com/lcobucci",
                    "type": "patreon"
                }
            ],
            "time": "2020-08-20T13:22:28+00:00"
        },
        {
            "name": "phpseclib/bcmath_compat",
            "version": "1.0.5",
            "source": {
                "type": "git",
                "url": "https://github.com/phpseclib/bcmath_compat.git",
                "reference": "89cbb63742a32730b7187773a60b6b12b9db4479"
            },
            "dist": {
                "type": "zip",
                "url": "https://api.github.com/repos/phpseclib/bcmath_compat/zipball/89cbb63742a32730b7187773a60b6b12b9db4479",
                "reference": "89cbb63742a32730b7187773a60b6b12b9db4479",
                "shasum": ""
            },
            "require": {
                "phpseclib/phpseclib": ">=2.0.19"
            },
            "provide": {
                "ext-bcmath": "7.3.5"
            },
            "require-dev": {
                "phpunit/phpunit": "^4.8.35|^5.7|^6.0",
                "squizlabs/php_codesniffer": "^3.0"
            },
            "suggest": {
                "ext-gmp": "Will enable faster math operations"
            },
            "type": "library",
            "autoload": {
                "files": [
                    "lib/bcmath.php"
                ],
                "psr-4": {
                    "bcmath_compat\\": "src"
                }
            },
            "notification-url": "https://packagist.org/downloads/",
            "license": [
                "MIT"
            ],
            "authors": [
                {
                    "name": "Jim Wigginton",
                    "email": "terrafrost@php.net",
                    "homepage": "http://phpseclib.sourceforge.net"
                }
            ],
            "description": "PHP 5.x/7.x polyfill for bcmath extension",
            "keywords": [
                "BigInteger",
                "bcmath",
                "bigdecimal",
                "math",
                "polyfill"
            ],
            "time": "2020-04-26T16:34:33+00:00"
        },
        {
            "name": "phpseclib/phpseclib",
            "version": "2.0.29",
            "source": {
                "type": "git",
                "url": "https://github.com/phpseclib/phpseclib.git",
                "reference": "497856a8d997f640b4a516062f84228a772a48a8"
            },
            "dist": {
                "type": "zip",
                "url": "https://api.github.com/repos/phpseclib/phpseclib/zipball/497856a8d997f640b4a516062f84228a772a48a8",
                "reference": "497856a8d997f640b4a516062f84228a772a48a8",
                "shasum": ""
            },
            "require": {
                "php": ">=5.3.3"
            },
            "require-dev": {
                "phing/phing": "~2.7",
                "phpunit/phpunit": "^4.8.35|^5.7|^6.0",
                "squizlabs/php_codesniffer": "~2.0"
            },
            "suggest": {
                "ext-gmp": "Install the GMP (GNU Multiple Precision) extension in order to speed up arbitrary precision integer arithmetic operations.",
                "ext-libsodium": "SSH2/SFTP can make use of some algorithms provided by the libsodium-php extension.",
                "ext-mcrypt": "Install the Mcrypt extension in order to speed up a few other cryptographic operations.",
                "ext-openssl": "Install the OpenSSL extension in order to speed up a wide variety of cryptographic operations."
            },
            "type": "library",
            "autoload": {
                "files": [
                    "phpseclib/bootstrap.php"
                ],
                "psr-4": {
                    "phpseclib\\": "phpseclib/"
                }
            },
            "notification-url": "https://packagist.org/downloads/",
            "license": [
                "MIT"
            ],
            "authors": [
                {
                    "name": "Jim Wigginton",
                    "email": "terrafrost@php.net",
                    "role": "Lead Developer"
                },
                {
                    "name": "Patrick Monnerat",
                    "email": "pm@datasphere.ch",
                    "role": "Developer"
                },
                {
                    "name": "Andreas Fischer",
                    "email": "bantu@phpbb.com",
                    "role": "Developer"
                },
                {
                    "name": "Hans-Jürgen Petrich",
                    "email": "petrich@tronic-media.com",
                    "role": "Developer"
                },
                {
                    "name": "Graham Campbell",
                    "email": "graham@alt-three.com",
                    "role": "Developer"
                }
            ],
            "description": "PHP Secure Communications Library - Pure-PHP implementations of RSA, AES, SSH2, SFTP, X.509 etc.",
            "homepage": "http://phpseclib.sourceforge.net",
            "keywords": [
                "BigInteger",
                "aes",
                "asn.1",
                "asn1",
                "blowfish",
                "crypto",
                "cryptography",
                "encryption",
                "rsa",
                "security",
                "sftp",
                "signature",
                "signing",
                "ssh",
                "twofish",
                "x.509",
                "x509"
            ],
            "funding": [
                {
                    "url": "https://github.com/terrafrost",
                    "type": "github"
                },
                {
                    "url": "https://www.patreon.com/phpseclib",
                    "type": "patreon"
                },
                {
                    "url": "https://tidelift.com/funding/github/packagist/phpseclib/phpseclib",
                    "type": "tidelift"
                }
            ],
            "time": "2020-09-08T04:24:43+00:00"
        }
    ],
    "packages-dev": [],
    "aliases": [],
    "minimum-stability": "stable",
    "stability-flags": [],
    "prefer-stable": false,
    "prefer-lowest": false,
    "platform": {
        "php": "^7.1",
        "ext-json": "*"
    },
    "platform-dev": [],
    "plugin-api-version": "1.1.0"
}
