{
    "_readme": [
        "This file locks the dependencies of your project to a known state",
        "Read more about it at https://getcomposer.org/doc/01-basic-usage.md#installing-dependencies",
        "This file is @generated automatically"
    ],
    "content-hash": "4557e64f28e5e76cc24af4eaa1857549",
    "packages": [
        {
            "name": "codercat/jwk-to-pem",
            "version": "1.0",
            "source": {
                "type": "git",
                "url": "https://github.com/acodercat/php-jwk-to-pem.git",
                "reference": "e428b7abba5b37676e30e968930f718cf26724ac"
            },
            "dist": {
                "type": "zip",
                "url": "https://api.github.com/repos/acodercat/php-jwk-to-pem/zipball/e428b7abba5b37676e30e968930f718cf26724ac",
                "reference": "e428b7abba5b37676e30e968930f718cf26724ac",
                "shasum": ""
            },
            "require": {
                "php": ">=7.0.0",
                "phpseclib/phpseclib": "~2.0"
            },
            "require-dev": {
                "phpunit/phpunit": "^7.0"
            },
            "type": "library",
            "autoload": {
                "psr-4": {
                    "CoderCat\\JWKToPEM\\": "src/"
                }
            },
            "notification-url": "https://packagist.org/downloads/",
            "license": [
                "MIT"
            ],
            "authors": [
                {
                    "name": "codercat",
                    "email": "1067302838@qq.com"
                }
            ],
            "description": "Convert JWK to PEM format.",
            "support": {
                "issues": "https://github.com/acodercat/php-jwk-to-pem/issues",
                "source": "https://github.com/acodercat/php-jwk-to-pem/tree/1.0"
            },
            "time": "2020-11-12T05:40:03+00:00"
        },
        {
            "name": "lcobucci/clock",
            "version": "2.0.0",
            "source": {
                "type": "git",
                "url": "https://github.com/lcobucci/clock.git",
                "reference": "353d83fe2e6ae95745b16b3d911813df6a05bfb3"
            },
            "dist": {
                "type": "zip",
                "url": "https://api.github.com/repos/lcobucci/clock/zipball/353d83fe2e6ae95745b16b3d911813df6a05bfb3",
                "reference": "353d83fe2e6ae95745b16b3d911813df6a05bfb3",
                "shasum": ""
            },
            "require": {
                "php": "^7.4 || ^8.0"
            },
            "require-dev": {
                "infection/infection": "^0.17",
                "lcobucci/coding-standard": "^6.0",
                "phpstan/extension-installer": "^1.0",
                "phpstan/phpstan": "^0.12",
                "phpstan/phpstan-deprecation-rules": "^0.12",
                "phpstan/phpstan-phpunit": "^0.12",
                "phpstan/phpstan-strict-rules": "^0.12",
                "phpunit/php-code-coverage": "9.1.4",
                "phpunit/phpunit": "9.3.7"
            },
            "type": "library",
            "autoload": {
                "psr-4": {
                    "Lcobucci\\Clock\\": "src"
                }
            },
            "notification-url": "https://packagist.org/downloads/",
            "license": [
                "MIT"
            ],
            "authors": [
                {
                    "name": "Luís Cobucci",
                    "email": "lcobucci@gmail.com"
                }
            ],
            "description": "Yet another clock abstraction",
            "support": {
                "issues": "https://github.com/lcobucci/clock/issues",
                "source": "https://github.com/lcobucci/clock/tree/2.0.x"
            },
            "funding": [
                {
                    "url": "https://github.com/lcobucci",
                    "type": "github"
                },
                {
                    "url": "https://www.patreon.com/lcobucci",
                    "type": "patreon"
                }
            ],
            "time": "2020-08-27T18:56:02+00:00"
        },
        {
            "name": "lcobucci/jwt",
            "version": "4.3.0",
            "source": {
                "type": "git",
                "url": "https://github.com/lcobucci/jwt.git",
                "reference": "4d7de2fe0d51a96418c0d04004986e410e87f6b4"
            },
            "dist": {
                "type": "zip",
                "url": "https://api.github.com/repos/lcobucci/jwt/zipball/4d7de2fe0d51a96418c0d04004986e410e87f6b4",
                "reference": "4d7de2fe0d51a96418c0d04004986e410e87f6b4",
                "shasum": ""
            },
            "require": {
                "ext-hash": "*",
                "ext-json": "*",
                "ext-mbstring": "*",
                "ext-openssl": "*",
                "ext-sodium": "*",
                "lcobucci/clock": "^2.0 || ^3.0",
                "php": "^7.4 || ^8.0"
            },
            "require-dev": {
                "infection/infection": "^0.21",
                "lcobucci/coding-standard": "^6.0",
                "mikey179/vfsstream": "^1.6.7",
                "phpbench/phpbench": "^1.2",
                "phpstan/extension-installer": "^1.0",
                "phpstan/phpstan": "^1.4",
                "phpstan/phpstan-deprecation-rules": "^1.0",
                "phpstan/phpstan-phpunit": "^1.0",
                "phpstan/phpstan-strict-rules": "^1.0",
                "phpunit/php-invoker": "^3.1",
                "phpunit/phpunit": "^9.5"
            },
            "type": "library",
            "autoload": {
                "psr-4": {
                    "Lcobucci\\JWT\\": "src"
                }
            },
            "notification-url": "https://packagist.org/downloads/",
            "license": [
                "BSD-3-Clause"
            ],
            "authors": [
                {
                    "name": "Luís Cobucci",
                    "email": "lcobucci@gmail.com",
                    "role": "Developer"
                }
            ],
            "description": "A simple library to work with JSON Web Token and JSON Web Signature",
            "keywords": [
                "JWS",
                "jwt"
            ],
            "support": {
                "issues": "https://github.com/lcobucci/jwt/issues",
                "source": "https://github.com/lcobucci/jwt/tree/4.3.0"
            },
            "funding": [
                {
                    "url": "https://github.com/lcobucci",
                    "type": "github"
                },
                {
                    "url": "https://www.patreon.com/lcobucci",
                    "type": "patreon"
                }
            ],
            "time": "2023-01-02T13:28:00+00:00"
        },
        {
            "name": "phpseclib/bcmath_compat",
            "version": "1.0.7",
            "source": {
                "type": "git",
                "url": "https://github.com/phpseclib/bcmath_compat.git",
                "reference": "b3c522368f70414441ab34573d034c610f121582"
            },
            "dist": {
                "type": "zip",
                "url": "https://api.github.com/repos/phpseclib/bcmath_compat/zipball/b3c522368f70414441ab34573d034c610f121582",
                "reference": "b3c522368f70414441ab34573d034c610f121582",
                "shasum": ""
            },
            "require": {
                "phpseclib/phpseclib": ">=2.0.19 <3.0.0"
            },
            "provide": {
                "ext-bcmath": "8.1.0"
            },
            "require-dev": {
                "phpunit/phpunit": "^4.8.35|^5.7|^6.0|^9.4",
                "squizlabs/php_codesniffer": "^3.0"
            },
            "suggest": {
                "ext-gmp": "Will enable faster math operations"
            },
            "type": "library",
            "autoload": {
                "files": [
                    "lib/bcmath.php"
                ],
                "psr-4": {
                    "bcmath_compat\\": "src"
                }
            },
            "notification-url": "https://packagist.org/downloads/",
            "license": [
                "MIT"
            ],
            "authors": [
                {
                    "name": "Jim Wigginton",
                    "email": "terrafrost@php.net",
                    "homepage": "http://phpseclib.sourceforge.net"
                }
            ],
            "description": "PHP 5.x-8.x polyfill for bcmath extension",
            "keywords": [
                "BigInteger",
                "bcmath",
                "bigdecimal",
                "math",
                "polyfill"
            ],
            "support": {
                "email": "terrafrost@php.net",
                "issues": "https://github.com/phpseclib/bcmath_compat/issues",
                "source": "https://github.com/phpseclib/bcmath_compat"
            },
            "time": "2021-12-16T02:35:38+00:00"
        },
        {
            "name": "phpseclib/phpseclib",
            "version": "2.0.45",
            "source": {
                "type": "git",
                "url": "https://github.com/phpseclib/phpseclib.git",
                "reference": "28d8f438a0064c9de80857e3270d071495544640"
            },
            "dist": {
                "type": "zip",
                "url": "https://api.github.com/repos/phpseclib/phpseclib/zipball/28d8f438a0064c9de80857e3270d071495544640",
                "reference": "28d8f438a0064c9de80857e3270d071495544640",
                "shasum": ""
            },
            "require": {
                "php": ">=5.3.3"
            },
            "require-dev": {
                "phing/phing": "~2.7",
                "phpunit/phpunit": "^4.8.35|^5.7|^6.0|^9.4",
                "squizlabs/php_codesniffer": "~2.0"
            },
            "suggest": {
                "ext-gmp": "Install the GMP (GNU Multiple Precision) extension in order to speed up arbitrary precision integer arithmetic operations.",
                "ext-libsodium": "SSH2/SFTP can make use of some algorithms provided by the libsodium-php extension.",
                "ext-mcrypt": "Install the Mcrypt extension in order to speed up a few other cryptographic operations.",
                "ext-openssl": "Install the OpenSSL extension in order to speed up a wide variety of cryptographic operations.",
                "ext-xml": "Install the XML extension to load XML formatted public keys."
            },
            "type": "library",
            "autoload": {
                "files": [
                    "phpseclib/bootstrap.php"
                ],
                "psr-4": {
                    "phpseclib\\": "phpseclib/"
                }
            },
            "notification-url": "https://packagist.org/downloads/",
            "license": [
                "MIT"
            ],
            "authors": [
                {
                    "name": "Jim Wigginton",
                    "email": "terrafrost@php.net",
                    "role": "Lead Developer"
                },
                {
                    "name": "Patrick Monnerat",
                    "email": "pm@datasphere.ch",
                    "role": "Developer"
                },
                {
                    "name": "Andreas Fischer",
                    "email": "bantu@phpbb.com",
                    "role": "Developer"
                },
                {
                    "name": "Hans-Jürgen Petrich",
                    "email": "petrich@tronic-media.com",
                    "role": "Developer"
                },
                {
                    "name": "Graham Campbell",
                    "email": "graham@alt-three.com",
                    "role": "Developer"
                }
            ],
            "description": "PHP Secure Communications Library - Pure-PHP implementations of RSA, AES, SSH2, SFTP, X.509 etc.",
            "homepage": "http://phpseclib.sourceforge.net",
            "keywords": [
                "BigInteger",
                "aes",
                "asn.1",
                "asn1",
                "blowfish",
                "crypto",
                "cryptography",
                "encryption",
                "rsa",
                "security",
                "sftp",
                "signature",
                "signing",
                "ssh",
                "twofish",
                "x.509",
                "x509"
            ],
            "support": {
                "issues": "https://github.com/phpseclib/phpseclib/issues",
                "source": "https://github.com/phpseclib/phpseclib/tree/2.0.45"
            },
            "funding": [
                {
                    "url": "https://github.com/terrafrost",
                    "type": "github"
                },
                {
                    "url": "https://www.patreon.com/phpseclib",
                    "type": "patreon"
                },
                {
                    "url": "https://tidelift.com/funding/github/packagist/phpseclib/phpseclib",
                    "type": "tidelift"
                }
            ],
            "time": "2023-09-15T20:55:47+00:00"
        }
    ],
    "packages-dev": [],
    "aliases": [],
    "minimum-stability": "stable",
    "stability-flags": [],
    "prefer-stable": false,
    "prefer-lowest": false,
    "platform": {
        "php": ">=7.4 <8.4",
        "ext-json": "*",
        "ext-simplexml": "*"
    },
    "platform-dev": [],
    "platform-overrides": {
        "php": "7.4.0"
    },
    "plugin-api-version": "2.3.0"
}
